
Microsoft Visual Studio Solution File, Format Version 12.00
# Visual Studio Version 16
VisualStudioVersion = 16.0.29215.179
MinimumVisualStudioVersion = 10.0.40219.1
Project("{FAE04EC0-301F-11D3-BF4B-00C04F79EFBC}") = "EasyProject", "EasyProject\EasyProject.csproj", "{EFDD09F7-72E7-4272-9861-376973A645C6}"
EndProject
Global
	GlobalSection(SolutionConfigurationPlatforms) = preSolution
		Debug|Any CPU = Debug|Any CPU
		Release|Any CPU = Release|Any CPU
	EndGlobalSection
	GlobalSection(ProjectConfigurationPlatforms) = postSolution
		{EFDD09F7-72E7-4272-9861-376973A645C6}.Debug|Any CPU.ActiveCfg = Debug|Any CPU
		{EFDD09F7-72E7-4272-9861-376973A645C6}.Debug|Any CPU.Build.0 = Debug|Any CPU
		{EFDD09F7-72E7-4272-9861-376973A645C6}.Release|Any CPU.ActiveCfg = Release|Any CPU
		{EFDD09F7-72E7-4272-9861-376973A645C6}.Release|Any CPU.Build.0 = Release|Any CPU
	EndGlobalSection
	GlobalSection(SolutionProperties) = preSolution
		HideSolutionNode = FALSE
	EndGlobalSection
	GlobalSection(ExtensibilityGlobals) = postSolution
		SolutionGuid = {6B1F6BD1-3A49-4DBB-AAF7-0FE342E343F3}
	EndGlobalSection
EndGlobal
